
Microsoft Visual Studio Solution File, Format Version 12.00
# Visual Studio 15
VisualStudioVersion = 15.0.27703.2035
MinimumVisualStudioVersion = 10.0.40219.1
Project("{FAE04EC0-301F-11D3-BF4B-00C04F79EFBC}") = "MySite", "MySite\MySite.csproj", "{81C3B0B5-A84A-442B-9D61-6ACE94CD3EFF}"
EndProject
Global
	GlobalSection(SolutionConfigurationPlatforms) = preSolution
		Debug|Any CPU = Debug|Any CPU
		Release|Any CPU = Release|Any CPU
	EndGlobalSection
	GlobalSection(ProjectConfigurationPlatforms) = postSolution
		{81C3B0B5-A84A-442B-9D61-6ACE94CD3EFF}.Debug|Any CPU.ActiveCfg = Debug|Any CPU
		{81C3B0B5-A84A-442B-9D61-6ACE94CD3EFF}.Debug|Any CPU.Build.0 = Debug|Any CPU
		{81C3B0B5-A84A-442B-9D61-6ACE94CD3EFF}.Release|Any CPU.ActiveCfg = Release|Any CPU
		{81C3B0B5-A84A-442B-9D61-6ACE94CD3EFF}.Release|Any CPU.Build.0 = Release|Any CPU
	EndGlobalSection
	GlobalSection(SolutionProperties) = preSolution
		HideSolutionNode = FALSE
	EndGlobalSection
	GlobalSection(ExtensibilityGlobals) = postSolution
		SolutionGuid = {C9BB180E-D0EA-4633-B133-88A3C584F085}
	EndGlobalSection
EndGlobal
